
Microsoft Visual Studio Solution File, Format Version 12.00
# Visual Studio Version 17
VisualStudioVersion = 17.10.34707.107
MinimumVisualStudioVersion = 10.0.40219.1
Project("{FAE04EC0-301F-11D3-BF4B-00C04F79EFBC}") = "Portable-Postgres", "Portable-Postgres\Portable-Postgres.csproj", "{9AF98257-147D-4F1C-AAC5-0EA236EBDE29}"
EndProject
Global
	GlobalSection(SolutionConfigurationPlatforms) = preSolution
		Debug|Any CPU = Debug|Any CPU
		Release|Any CPU = Release|Any CPU
	EndGlobalSection
	GlobalSection(ProjectConfigurationPlatforms) = postSolution
		{9AF98257-147D-4F1C-AAC5-0EA236EBDE29}.Debug|Any CPU.ActiveCfg = Debug|Any CPU
		{9AF98257-147D-4F1C-AAC5-0EA236EBDE29}.Debug|Any CPU.Build.0 = Debug|Any CPU
		{9AF98257-147D-4F1C-AAC5-0EA236EBDE29}.Release|Any CPU.ActiveCfg = Release|Any CPU
		{9AF98257-147D-4F1C-AAC5-0EA236EBDE29}.Release|Any CPU.Build.0 = Release|Any CPU
	EndGlobalSection
	GlobalSection(SolutionProperties) = preSolution
		HideSolutionNode = FALSE
	EndGlobalSection
	GlobalSection(ExtensibilityGlobals) = postSolution
		SolutionGuid = {B2AF76B3-97D7-4D99-BF2A-58EB75C4644E}
	EndGlobalSection
EndGlobal
